
Microsoft Visual Studio Solution File, Format Version 12.00
# Visual Studio Version 17
VisualStudioVersion = 17.4.33213.308
MinimumVisualStudioVersion = 10.0.40219.1
Project("{FAE04EC0-301F-11D3-BF4B-00C04F79EFBC}") = "TAX", "TAX\TAX.csproj", "{FC8FC398-B967-4000-980A-F8893FF96161}"
EndProject
Project("{FAE04EC0-301F-11D3-BF4B-00C04F79EFBC}") = "TAX_Test", "TAX_Test\TAX_Test.csproj", "{F7C914CE-F42B-4EF5-8E1D-6F50AE23F83F}"
EndProject
Global
	GlobalSection(SolutionConfigurationPlatforms) = preSolution
		Debug|Any CPU = Debug|Any CPU
		Release|Any CPU = Release|Any CPU
	EndGlobalSection
	GlobalSection(ProjectConfigurationPlatforms) = postSolution
		{FC8FC398-B967-4000-980A-F8893FF96161}.Debug|Any CPU.ActiveCfg = Debug|Any CPU
		{FC8FC398-B967-4000-980A-F8893FF96161}.Debug|Any CPU.Build.0 = Debug|Any CPU
		{FC8FC398-B967-4000-980A-F8893FF96161}.Release|Any CPU.ActiveCfg = Release|Any CPU
		{FC8FC398-B967-4000-980A-F8893FF96161}.Release|Any CPU.Build.0 = Release|Any CPU
		{F7C914CE-F42B-4EF5-8E1D-6F50AE23F83F}.Debug|Any CPU.ActiveCfg = Debug|Any CPU
		{F7C914CE-F42B-4EF5-8E1D-6F50AE23F83F}.Debug|Any CPU.Build.0 = Debug|Any CPU
		{F7C914CE-F42B-4EF5-8E1D-6F50AE23F83F}.Release|Any CPU.ActiveCfg = Release|Any CPU
		{F7C914CE-F42B-4EF5-8E1D-6F50AE23F83F}.Release|Any CPU.Build.0 = Release|Any CPU
	EndGlobalSection
	GlobalSection(SolutionProperties) = preSolution
		HideSolutionNode = FALSE
	EndGlobalSection
	GlobalSection(ExtensibilityGlobals) = postSolution
		SolutionGuid = {9AE83F0A-D81A-4D0D-84A8-13093D76081C}
	EndGlobalSection
EndGlobal
